// !$*UTF8*$!
{
	archiveVersion = 1;
	classes = {
	};
	objectVersion = 50;
	objects = {

/* Begin PBXBuildFile section */
		69FB8C2925C10E5100583FF7 /* UserController.swift in Sources */ = {isa = PBXBuildFile; fileRef = 69FB8C2825C10E5100583FF7 /* UserController.swift */; };
		69FB8C2C25C10F6D00583FF7 /* ParkingLocationViewController.swift in Sources */ = {isa = PBXBuildFile; fileRef = 69FB8C2B25C10F6D00583FF7 /* ParkingLocationViewController.swift */; };
		9C70570F25BFBCFC00E032DD /* AppDelegate.swift in Sources */ = {isa = PBXBuildFile; fileRef = 9C70570E25BFBCFC00E032DD /* AppDelegate.swift */; };
		9C70571125BFBCFC00E032DD /* SceneDelegate.swift in Sources */ = {isa = PBXBuildFile; fileRef = 9C70571025BFBCFC00E032DD /* SceneDelegate.swift */; };
		9C70571925BFBCFC00E032DD /* Parking_App.xcdatamodeld in Sources */ = {isa = PBXBuildFile; fileRef = 9C70571725BFBCFC00E032DD /* Parking_App.xcdatamodeld */; };
		9C70571B25BFBD0200E032DD /* Assets.xcassets in Resources */ = {isa = PBXBuildFile; fileRef = 9C70571A25BFBD0200E032DD /* Assets.xcassets */; };
		9C70571E25BFBD0200E032DD /* LaunchScreen.storyboard in Resources */ = {isa = PBXBuildFile; fileRef = 9C70571C25BFBD0200E032DD /* LaunchScreen.storyboard */; };
		9CE1F76525C06D7E00474008 /* Main.storyboard in Resources */ = {isa = PBXBuildFile; fileRef = 9CE1F76425C06D7E00474008 /* Main.storyboard */; };
		9CE1F77D25C0906800474008 /* AddParkingViewController.swift in Sources */ = {isa = PBXBuildFile; fileRef = 9CE1F77C25C0906800474008 /* AddParkingViewController.swift */; };
		9CE1F78025C0907500474008 /* ListViewController.swift in Sources */ = {isa = PBXBuildFile; fileRef = 9CE1F77F25C0907500474008 /* ListViewController.swift */; };
		9CE1F78325C0909200474008 /* ParkingDetailViewController.swift in Sources */ = {isa = PBXBuildFile; fileRef = 9CE1F78225C0909200474008 /* ParkingDetailViewController.swift */; };
		9CE1F78625C090BA00474008 /* ParkingTableViewCell.swift in Sources */ = {isa = PBXBuildFile; fileRef = 9CE1F78525C090BA00474008 /* ParkingTableViewCell.swift */; };
		9CE1F78925C090D400474008 /* ParkingDataController.swift in Sources */ = {isa = PBXBuildFile; fileRef = 9CE1F78825C090D400474008 /* ParkingDataController.swift */; };
/* End PBXBuildFile section */

/* Begin PBXFileReference section */
		69FB8C2825C10E5100583FF7 /* UserController.swift */ = {isa = PBXFileReference; fileEncoding = 4; lastKnownFileType = sourcecode.swift; path = UserController.swift; sourceTree = "<group>"; };
		69FB8C2B25C10F6D00583FF7 /* ParkingLocationViewController.swift */ = {isa = PBXFileReference; fileEncoding = 4; lastKnownFileType = sourcecode.swift; path = ParkingLocationViewController.swift; sourceTree = "<group>"; };
		9C70570B25BFBCFC00E032DD /* Parking_App.app */ = {isa = PBXFileReference; explicitFileType = wrapper.application; includeInIndex = 0; path = Parking_App.app; sourceTree = BUILT_PRODUCTS_DIR; };
		9C70570E25BFBCFC00E032DD /* AppDelegate.swift */ = {isa = PBXFileReference; lastKnownFileType = sourcecode.swift; path = AppDelegate.swift; sourceTree = "<group>"; };
		9C70571025BFBCFC00E032DD /* SceneDelegate.swift */ = {isa = PBXFileReference; lastKnownFileType = sourcecode.swift; path = SceneDelegate.swift; sourceTree = "<group>"; };
		9C70571825BFBCFC00E032DD /* Parking_App.xcdatamodel */ = {isa = PBXFileReference; lastKnownFileType = wrapper.xcdatamodel; path = Parking_App.xcdatamodel; sourceTree = "<group>"; };
		9C70571A25BFBD0200E032DD /* Assets.xcassets */ = {isa = PBXFileReference; lastKnownFileType = folder.assetcatalog; path = Assets.xcassets; sourceTree = "<group>"; };
		9C70571D25BFBD0200E032DD /* Base */ = {isa = PBXFileReference; lastKnownFileType = file.storyboard; name = Base; path = Base.lproj/LaunchScreen.storyboard; sourceTree = "<group>"; };
		9C70571F25BFBD0200E032DD /* Info.plist */ = {isa = PBXFileReference; lastKnownFileType = text.plist.xml; path = Info.plist; sourceTree = "<group>"; };
		9CE1F76425C06D7E00474008 /* Main.storyboard */ = {isa = PBXFileReference; lastKnownFileType = file.storyboard; path = Main.storyboard; sourceTree = "<group>"; };
		9CE1F77C25C0906800474008 /* AddParkingViewController.swift */ = {isa = PBXFileReference; lastKnownFileType = sourcecode.swift; path = AddParkingViewController.swift; sourceTree = "<group>"; };
		9CE1F77F25C0907500474008 /* ListViewController.swift */ = {isa = PBXFileReference; lastKnownFileType = sourcecode.swift; path = ListViewController.swift; sourceTree = "<group>"; };
		9CE1F78225C0909200474008 /* ParkingDetailViewController.swift */ = {isa = PBXFileReference; lastKnownFileType = sourcecode.swift; path = ParkingDetailViewController.swift; sourceTree = "<group>"; };
		9CE1F78525C090BA00474008 /* ParkingTableViewCell.swift */ = {isa = PBXFileReference; lastKnownFileType = sourcecode.swift; path = ParkingTableViewCell.swift; sourceTree = "<group>"; };
		9CE1F78825C090D400474008 /* ParkingDataController.swift */ = {isa = PBXFileReference; lastKnownFileType = sourcecode.swift; path = ParkingDataController.swift; sourceTree = "<group>"; };
/* End PBXFileReference section */

/* Begin PBXFrameworksBuildPhase section */
		9C70570825BFBCFC00E032DD /* Frameworks */ = {
			isa = PBXFrameworksBuildPhase;
			buildActionMask = 2147483647;
			files = (
			);
			runOnlyForDeploymentPostprocessing = 0;
		};
/* End PBXFrameworksBuildPhase section */

/* Begin PBXGroup section */
		9C70570225BFBCFC00E032DD = {
			isa = PBXGroup;
			children = (
				9C70570D25BFBCFC00E032DD /* Parking_App */,
				9C70570C25BFBCFC00E032DD /* Products */,
			);
			sourceTree = "<group>";
		};
		9C70570C25BFBCFC00E032DD /* Products */ = {
			isa = PBXGroup;
			children = (
				9C70570B25BFBCFC00E032DD /* Parking_App.app */,
			);
			name = Products;
			sourceTree = "<group>";
		};
		9C70570D25BFBCFC00E032DD /* Parking_App */ = {
			isa = PBXGroup;
			children = (
				9C70572925BFC3B100E032DD /* Controller */,
				9C70572825BFC3A400E032DD /* View */,
				9C70570E25BFBCFC00E032DD /* AppDelegate.swift */,
				9C70571025BFBCFC00E032DD /* SceneDelegate.swift */,
				9C70571A25BFBD0200E032DD /* Assets.xcassets */,
				9C70571C25BFBD0200E032DD /* LaunchScreen.storyboard */,
				9CE1F76425C06D7E00474008 /* Main.storyboard */,
				9C70571F25BFBD0200E032DD /* Info.plist */,
				9C70571725BFBCFC00E032DD /* Parking_App.xcdatamodeld */,
			);
			path = Parking_App;
			sourceTree = "<group>";
		};
		9C70572825BFC3A400E032DD /* View */ = {
			isa = PBXGroup;
			children = (
				69FB8C2B25C10F6D00583FF7 /* ParkingLocationViewController.swift */,
				9CE1F77C25C0906800474008 /* AddParkingViewController.swift */,
				9CE1F77F25C0907500474008 /* ListViewController.swift */,
				9CE1F78225C0909200474008 /* ParkingDetailViewController.swift */,
				9CE1F78525C090BA00474008 /* ParkingTableViewCell.swift */,
			);
			path = View;
			sourceTree = "<group>";
		};
		9C70572925BFC3B100E032DD /* Controller */ = {
			isa = PBXGroup;
			children = (
				69FB8C2825C10E5100583FF7 /* UserController.swift */,
				9CE1F78825C090D400474008 /* ParkingDataController.swift */,
			);
			path = Controller;
			sourceTree = "<group>";
		};
/* End PBXGroup section */

/* Begin PBXNativeTarget section */
		9C70570A25BFBCFC00E032DD /* Parking_App */ = {
			isa = PBXNativeTarget;
			buildConfigurationList = 9C70572225BFBD0200E032DD /* Build configuration list for PBXNativeTarget "Parking_App" */;
			buildPhases = (
				9C70570725BFBCFC00E032DD /* Sources */,
				9C70570825BFBCFC00E032DD /* Frameworks */,
				9C70570925BFBCFC00E032DD /* Resources */,
			);
			buildRules = (
			);
			dependencies = (
			);
			name = Parking_App;
			productName = Parking_App;
			productReference = 9C70570B25BFBCFC00E032DD /* Parking_App.app */;
			productType = "com.apple.product-type.application";
		};
/* End PBXNativeTarget section */

/* Begin PBXProject section */
		9C70570325BFBCFC00E032DD /* Project object */ = {
			isa = PBXProject;
			attributes = {
				LastSwiftUpdateCheck = 1230;
				LastUpgradeCheck = 1230;
				TargetAttributes = {
					9C70570A25BFBCFC00E032DD = {
						CreatedOnToolsVersion = 12.3;
					};
				};
			};
			buildConfigurationList = 9C70570625BFBCFC00E032DD /* Build configuration list for PBXProject "Parking_App" */;
			compatibilityVersion = "Xcode 9.3";
			developmentRegion = en;
			hasScannedForEncodings = 0;
			knownRegions = (
				en,
				Base,
			);
			mainGroup = 9C70570225BFBCFC00E032DD;
			productRefGroup = 9C70570C25BFBCFC00E032DD /* Products */;
			projectDirPath = "";
			projectRoot = "";
			targets = (
				9C70570A25BFBCFC00E032DD /* Parking_App */,
			);
		};
/* End PBXProject section */

/* Begin PBXResourcesBuildPhase section */
		9C70570925BFBCFC00E032DD /* Resources */ = {
			isa = PBXResourcesBuildPhase;
			buildActionMask = 2147483647;
			files = (
				9CE1F76525C06D7E00474008 /* Main.storyboard in Resources */,
				9C70571E25BFBD0200E032DD /* LaunchScreen.storyboard in Resources */,
				9C70571B25BFBD0200E032DD /* Assets.xcassets in Resources */,
			);
			runOnlyForDeploymentPostprocessing = 0;
		};
/* End PBXResourcesBuildPhase section */

/* Begin PBXSourcesBuildPhase section */
		9C70570725BFBCFC00E032DD /* Sources */ = {
			isa = PBXSourcesBuildPhase;
			buildActionMask = 2147483647;
			files = (
				69FB8C2925C10E5100583FF7 /* UserController.swift in Sources */,
				9CE1F78925C090D400474008 /* ParkingDataController.swift in Sources */,
				9C70571925BFBCFC00E032DD /* Parking_App.xcdatamodeld in Sources */,
				9CE1F77D25C0906800474008 /* AddParkingViewController.swift in Sources */,
				9C70570F25BFBCFC00E032DD /* AppDelegate.swift in Sources */,
				9CE1F78025C0907500474008 /* ListViewController.swift in Sources */,
				9CE1F78625C090BA00474008 /* ParkingTableViewCell.swift in Sources */,
				9CE1F78325C0909200474008 /* ParkingDetailViewController.swift in Sources */,
				69FB8C2C25C10F6D00583FF7 /* ParkingLocationViewController.swift in Sources */,
				9C70571125BFBCFC00E032DD /* SceneDelegate.swift in Sources */,
			);
			runOnlyForDeploymentPostprocessing = 0;
		};
/* End PBXSourcesBuildPhase section */

/* Begin PBXVariantGroup section */
		9C70571C25BFBD0200E032DD /* LaunchScreen.storyboard */ = {
			isa = PBXVariantGroup;
			children = (
				9C70571D25BFBD0200E032DD /* Base */,
			);
			name = LaunchScreen.storyboard;
			sourceTree = "<group>";
		};
/* End PBXVariantGroup section */

/* Begin XCBuildConfiguration section */
		9C70572025BFBD0200E032DD /* Debug */ = {
			isa = XCBuildConfiguration;
			buildSettings = {
				ALWAYS_SEARCH_USER_PATHS = NO;
				CLANG_ANALYZER_NONNULL = YES;
				CLANG_ANALYZER_NUMBER_OBJECT_CONVERSION = YES_AGGRESSIVE;
				CLANG_CXX_LANGUAGE_STANDARD = "gnu++14";
				CLANG_CXX_LIBRARY = "libc++";
				CLANG_ENABLE_MODULES = YES;
				CLANG_ENABLE_OBJC_ARC = YES;
				CLANG_ENABLE_OBJC_WEAK = YES;
				CLANG_WARN_BLOCK_CAPTURE_AUTORELEASING = YES;
				CLANG_WARN_BOOL_CONVERSION = YES;
				CLANG_WARN_COMMA = YES;
				CLANG_WARN_CONSTANT_CONVERSION = YES;
				CLANG_WARN_DEPRECATED_OBJC_IMPLEMENTATIONS = YES;
				CLANG_WARN_DIRECT_OBJC_ISA_USAGE = YES_ERROR;
				CLANG_WARN_DOCUMENTATION_COMMENTS = YES;
				CLANG_WARN_EMPTY_BODY = YES;
				CLANG_WARN_ENUM_CONVERSION = YES;
				CLANG_WARN_INFINITE_RECURSION = YES;
				CLANG_WARN_INT_CONVERSION = YES;
				CLANG_WARN_NON_LITERAL_NULL_CONVERSION = YES;
				CLANG_WARN_OBJC_IMPLICIT_RETAIN_SELF = YES;
				CLANG_WARN_OBJC_LITERAL_CONVERSION = YES;
				CLANG_WARN_OBJC_ROOT_CLASS = YES_ERROR;
				CLANG_WARN_QUOTED_INCLUDE_IN_FRAMEWORK_HEADER = YES;
				CLANG_WARN_RANGE_LOOP_ANALYSIS = YES;
				CLANG_WARN_STRICT_PROTOTYPES = YES;
				CLANG_WARN_SUSPICIOUS_MOVE = YES;
				CLANG_WARN_UNGUARDED_AVAILABILITY = YES_AGGRESSIVE;
				CLANG_WARN_UNREACHABLE_CODE = YES;
				CLANG_WARN__DUPLICATE_METHOD_MATCH = YES;
				COPY_PHASE_STRIP = NO;
				DEBUG_INFORMATION_FORMAT = dwarf;
				ENABLE_STRICT_OBJC_MSGSEND = YES;
				ENABLE_TESTABILITY = YES;
				GCC_C_LANGUAGE_STANDARD = gnu11;
				GCC_DYNAMIC_NO_PIC = NO;
				GCC_NO_COMMON_BLOCKS = YES;
				GCC_OPTIMIZATION_LEVEL = 0;
				GCC_PREPROCESSOR_DEFINITIONS = (
					"DEBUG=1",
					"$(inherited)",
				);
				GCC_WARN_64_TO_32_BIT_CONVERSION = YES;
				GCC_WARN_ABOUT_RETURN_TYPE = YES_ERROR;
				GCC_WARN_UNDECLARED_SELECTOR = YES;
				GCC_WARN_UNINITIALIZED_AUTOS = YES_AGGRESSIVE;
				GCC_WARN_UNUSED_FUNCTION = YES;
				GCC_WARN_UNUSED_VARIABLE = YES;
				IPHONEOS_DEPLOYMENT_TARGET = 14.3;
				MTL_ENABLE_DEBUG_INFO = INCLUDE_SOURCE;
				MTL_FAST_MATH = YES;
				ONLY_ACTIVE_ARCH = YES;
				SDKROOT = iphoneos;
				SWIFT_ACTIVE_COMPILATION_CONDITIONS = DEBUG;
				SWIFT_OPTIMIZATION_LEVEL = "-Onone";
			};
			name = Debug;
		};
		9C70572125BFBD0200E032DD /* Release */ = {
			isa = XCBuildConfiguration;
			buildSettings = {
				ALWAYS_SEARCH_USER_PATHS = NO;
				CLANG_ANALYZER_NONNULL = YES;
				CLANG_ANALYZER_NUMBER_OBJECT_CONVERSION = YES_AGGRESSIVE;
				CLANG_CXX_LANGUAGE_STANDARD = "gnu++14";
				CLANG_CXX_LIBRARY = "libc++";
				CLANG_ENABLE_MODULES = YES;
				CLANG_ENABLE_OBJC_ARC = YES;
				CLANG_ENABLE_OBJC_WEAK = YES;
				CLANG_WARN_BLOCK_CAPTURE_AUTORELEASING = YES;
				CLANG_WARN_BOOL_CONVERSION = YES;
				CLANG_WARN_COMMA = YES;
				CLANG_WARN_CONSTANT_CONVERSION = YES;
				CLANG_WARN_DEPRECATED_OBJC_IMPLEMENTATIONS = YES;
				CLANG_WARN_DIRECT_OBJC_ISA_USAGE = YES_ERROR;
				CLANG_WARN_DOCUMENTATION_COMMENTS = YES;
				CLANG_WARN_EMPTY_BODY = YES;
				CLANG_WARN_ENUM_CONVERSION = YES;
				CLANG_WARN_INFINITE_RECURSION = YES;
				CLANG_WARN_INT_CONVERSION = YES;
				CLANG_WARN_NON_LITERAL_NULL_CONVERSION = YES;
				CLANG_WARN_OBJC_IMPLICIT_RETAIN_SELF = YES;
				CLANG_WARN_OBJC_LITERAL_CONVERSION = YES;
				CLANG_WARN_OBJC_ROOT_CLASS = YES_ERROR;
				CLANG_WARN_QUOTED_INCLUDE_IN_FRAMEWORK_HEADER = YES;
				CLANG_WARN_RANGE_LOOP_ANALYSIS = YES;
				CLANG_WARN_STRICT_PROTOTYPES = YES;
				CLANG_WARN_SUSPICIOUS_MOVE = YES;
				CLANG_WARN_UNGUARDED_AVAILABILITY = YES_AGGRESSIVE;
				CLANG_WARN_UNREACHABLE_CODE = YES;
				CLANG_WARN__DUPLICATE_METHOD_MATCH = YES;
				COPY_PHASE_STRIP = NO;
				DEBUG_INFORMATION_FORMAT = "dwarf-with-dsym";
				ENABLE_NS_ASSERTIONS = NO;
				ENABLE_STRICT_OBJC_MSGSEND = YES;
				GCC_C_LANGUAGE_STANDARD = gnu11;
				GCC_NO_COMMON_BLOCKS = YES;
				GCC_WARN_64_TO_32_BIT_CONVERSION = YES;
				GCC_WARN_ABOUT_RETURN_TYPE = YES_ERROR;
				GCC_WARN_UNDECLARED_SELECTOR = YES;
				GCC_WARN_UNINITIALIZED_AUTOS = YES_AGGRESSIVE;
				GCC_WARN_UNUSED_FUNCTION = YES;
				GCC_WARN_UNUSED_VARIABLE = YES;
				IPHONEOS_DEPLOYMENT_TARGET = 14.3;
				MTL_ENABLE_DEBUG_INFO = NO;
				MTL_FAST_MATH = YES;
				SDKROOT = iphoneos;
				SWIFT_COMPILATION_MODE = wholemodule;
				SWIFT_OPTIMIZATION_LEVEL = "-O";
				VALIDATE_PRODUCT = YES;
			};
			name = Release;
		};
		9C70572325BFBD0200E032DD /* Debug */ = {
			isa = XCBuildConfiguration;
			buildSettings = {
				ASSETCATALOG_COMPILER_APPICON_NAME = AppIcon;
				ASSETCATALOG_COMPILER_GLOBAL_ACCENT_COLOR_NAME = AccentColor;
				CODE_SIGN_STYLE = Automatic;
				INFOPLIST_FILE = Parking_App/Info.plist;
				IPHONEOS_DEPLOYMENT_TARGET = 14.2;
				LD_RUNPATH_SEARCH_PATHS = (
					"$(inherited)",
					"@executable_path/Frameworks",
				);
				PRODUCT_BUNDLE_IDENTIFIER = "GBCStudent.Parking-App";
				PRODUCT_NAME = "$(TARGET_NAME)";
				SWIFT_VERSION = 5.0;
				TARGETED_DEVICE_FAMILY = "1,2";
			};
			name = Debug;
		};
		9C70572425BFBD0200E032DD /* Release */ = {
			isa = XCBuildConfiguration;
			buildSettings = {
				ASSETCATALOG_COMPILER_APPICON_NAME = AppIcon;
				ASSETCATALOG_COMPILER_GLOBAL_ACCENT_COLOR_NAME = AccentColor;
				CODE_SIGN_STYLE = Automatic;
				INFOPLIST_FILE = Parking_App/Info.plist;
				IPHONEOS_DEPLOYMENT_TARGET = 14.2;
				LD_RUNPATH_SEARCH_PATHS = (
					"$(inherited)",
					"@executable_path/Frameworks",
				);
				PRODUCT_BUNDLE_IDENTIFIER = "GBCStudent.Parking-App";
				PRODUCT_NAME = "$(TARGET_NAME)";
				SWIFT_VERSION = 5.0;
				TARGETED_DEVICE_FAMILY = "1,2";
			};
			name = Release;
		};
/* End XCBuildConfiguration section */

/* Begin XCConfigurationList section */
		9C70570625BFBCFC00E032DD /* Build configuration list for PBXProject "Parking_App" */ = {
			isa = XCConfigurationList;
			buildConfigurations = (
				9C70572025BFBD0200E032DD /* Debug */,
				9C70572125BFBD0200E032DD /* Release */,
			);
			defaultConfigurationIsVisible = 0;
			defaultConfigurationName = Release;
		};
		9C70572225BFBD0200E032DD /* Build configuration list for PBXNativeTarget "Parking_App" */ = {
			isa = XCConfigurationList;
			buildConfigurations = (
				9C70572325BFBD0200E032DD /* Debug */,
				9C70572425BFBD0200E032DD /* Release */,
			);
			defaultConfigurationIsVisible = 0;
			defaultConfigurationName = Release;
		};
/* End XCConfigurationList section */

/* Begin XCVersionGroup section */
		9C70571725BFBCFC00E032DD /* Parking_App.xcdatamodeld */ = {
			isa = XCVersionGroup;
			children = (
				9C70571825BFBCFC00E032DD /* Parking_App.xcdatamodel */,
			);
			currentVersion = 9C70571825BFBCFC00E032DD /* Parking_App.xcdatamodel */;
			path = Parking_App.xcdatamodeld;
			sourceTree = "<group>";
			versionGroupType = wrapper.xcdatamodel;
		};
/* End XCVersionGroup section */
	};
	rootObject = 9C70570325BFBCFC00E032DD /* Project object */;
}
